
Microsoft Visual Studio Solution File, Format Version 12.00
# Visual Studio 14
VisualStudioVersion = 14.0.24720.0
MinimumVisualStudioVersion = 10.0.40219.1
Project("{8BC9CEB8-8B4A-11D0-8D11-00A0C91BC942}") = "LabProject07-2", "LabProject07-2\LabProject07-2.vcxproj", "{94CCD3B4-2902-4413-88C5-8663105A5C51}"
EndProject
Project("{8BC9CEB8-8B4A-11D0-8D11-00A0C91BC942}") = "LabProject07-2-0", "..\..\LabProjects\LabProjects\LabProject07-2-0\LabProject07-2-0.vcxproj", "{AC04D913-545E-43FC-B1AB-64EDE76F5570}"
EndProject
Project("{8BC9CEB8-8B4A-11D0-8D11-00A0C91BC942}") = "LabProject07-3", "LabProject07-3\LabProject07-3.vcxproj", "{A6AB7926-FAE1-433F-9267-7EC5A1B4F2B6}"
EndProject
Project("{8BC9CEB8-8B4A-11D0-8D11-00A0C91BC942}") = "LabProject07-3-0", "LabProject07-3-0\LabProject07-3-0.vcxproj", "{54E3000C-2D43-4F4A-A9CA-1F2C01ACF764}"
EndProject
Project("{8BC9CEB8-8B4A-11D0-8D11-00A0C91BC942}") = "LabProject07-3-3", "LabProject07-3-3\LabProject07-3-3.vcxproj", "{A56881B9-C716-4147-96D8-B63CB08A8B46}"
EndProject
Project("{8BC9CEB8-8B4A-11D0-8D11-00A0C91BC942}") = "LabProject07-5", "LabProject07-5\LabProject07-5.vcxproj", "{DDCE1EBD-3150-4FCF-9127-9F1535A39DBC}"
EndProject
Project("{8BC9CEB8-8B4A-11D0-8D11-00A0C91BC942}") = "LabProject07-5-1", "LabProject07-5-1\LabProject07-5-1.vcxproj", "{EA2CC9C2-76DA-4C73-AEF5-9FD56575740B}"
EndProject
Project("{8BC9CEB8-8B4A-11D0-8D11-00A0C91BC942}") = "LabProject07-5-2", "LabProject07-5-2\LabProject07-5-2.vcxproj", "{EB1542F1-840E-4FBC-9260-63BE9AA1C88D}"
EndProject
Project("{8BC9CEB8-8B4A-11D0-8D11-00A0C91BC942}") = "LabProject07-5-3", "LabProject07-5-3\LabProject07-5-3.vcxproj", "{89942F32-7AF9-4992-93C9-DCDBA4B2BDF5}"
EndProject
Project("{8BC9CEB8-8B4A-11D0-8D11-00A0C91BC942}") = "LabProject07-7", "LabProject07-7\LabProject07-7.vcxproj", "{DF7E68D6-9083-488B-BA5C-2694C801B47B}"
EndProject
Project("{8BC9CEB8-8B4A-11D0-8D11-00A0C91BC942}") = "LabProject08", "LabProject08\LabProject08.vcxproj", "{BB3EBEDB-523F-403F-9E7F-6649D7E623FC}"
EndProject
Project("{8BC9CEB8-8B4A-11D0-8D11-00A0C91BC942}") = "LabProject08-0", "LabProject08-0\LabProject08-0.vcxproj", "{248F9D2D-4D4C-459F-87D7-15CD7D6799A9}"
EndProject
Project("{8BC9CEB8-8B4A-11D0-8D11-00A0C91BC942}") = "LabProject08-1", "LabProject08-1\LabProject08-1.vcxproj", "{E7F7A98B-BA38-4DB1-BE3B-431D141EA534}"
EndProject
Project("{8BC9CEB8-8B4A-11D0-8D11-00A0C91BC942}") = "LabProject11-0", "LabProject11-0\LabProject11-0.vcxproj", "{F55138E3-24AF-4F2D-8D06-129B26BC65B7}"
EndProject
Project("{8BC9CEB8-8B4A-11D0-8D11-00A0C91BC942}") = "LabProject11-1", "LabProject11-1\LabProject11-1.vcxproj", "{7A1DD6F7-DCFE-4B51-A147-09AD910B3869}"
EndProject
Project("{8BC9CEB8-8B4A-11D0-8D11-00A0C91BC942}") = "LabProject13", "LabProject13\LabProject13.vcxproj", "{B3AECB56-834B-4410-BB85-4AD345ECBD7E}"
EndProject
Project("{8BC9CEB8-8B4A-11D0-8D11-00A0C91BC942}") = "LabProject13-0", "LabProject13-0\LabProject13-0.vcxproj", "{145DFE4F-B721-43EB-B193-832EA0ED421A}"
EndProject
Global
	GlobalSection(SolutionConfigurationPlatforms) = preSolution
		Debug|x64 = Debug|x64
		Debug|x86 = Debug|x86
		Release|x64 = Release|x64
		Release|x86 = Release|x86
	EndGlobalSection
	GlobalSection(ProjectConfigurationPlatforms) = postSolution
		{94CCD3B4-2902-4413-88C5-8663105A5C51}.Debug|x64.ActiveCfg = Debug|x64
		{94CCD3B4-2902-4413-88C5-8663105A5C51}.Debug|x64.Build.0 = Debug|x64
		{94CCD3B4-2902-4413-88C5-8663105A5C51}.Debug|x86.ActiveCfg = Debug|Win32
		{94CCD3B4-2902-4413-88C5-8663105A5C51}.Debug|x86.Build.0 = Debug|Win32
		{94CCD3B4-2902-4413-88C5-8663105A5C51}.Release|x64.ActiveCfg = Release|x64
		{94CCD3B4-2902-4413-88C5-8663105A5C51}.Release|x64.Build.0 = Release|x64
		{94CCD3B4-2902-4413-88C5-8663105A5C51}.Release|x86.ActiveCfg = Release|Win32
		{94CCD3B4-2902-4413-88C5-8663105A5C51}.Release|x86.Build.0 = Release|Win32
		{AC04D913-545E-43FC-B1AB-64EDE76F5570}.Debug|x64.ActiveCfg = Debug|x64
		{AC04D913-545E-43FC-B1AB-64EDE76F5570}.Debug|x64.Build.0 = Debug|x64
		{AC04D913-545E-43FC-B1AB-64EDE76F5570}.Debug|x86.ActiveCfg = Debug|Win32
		{AC04D913-545E-43FC-B1AB-64EDE76F5570}.Debug|x86.Build.0 = Debug|Win32
		{AC04D913-545E-43FC-B1AB-64EDE76F5570}.Release|x64.ActiveCfg = Release|x64
		{AC04D913-545E-43FC-B1AB-64EDE76F5570}.Release|x64.Build.0 = Release|x64
		{AC04D913-545E-43FC-B1AB-64EDE76F5570}.Release|x86.ActiveCfg = Release|Win32
		{AC04D913-545E-43FC-B1AB-64EDE76F5570}.Release|x86.Build.0 = Release|Win32
		{A6AB7926-FAE1-433F-9267-7EC5A1B4F2B6}.Debug|x64.ActiveCfg = Debug|x64
		{A6AB7926-FAE1-433F-9267-7EC5A1B4F2B6}.Debug|x64.Build.0 = Debug|x64
		{A6AB7926-FAE1-433F-9267-7EC5A1B4F2B6}.Debug|x86.ActiveCfg = Debug|Win32
		{A6AB7926-FAE1-433F-9267-7EC5A1B4F2B6}.Debug|x86.Build.0 = Debug|Win32
		{A6AB7926-FAE1-433F-9267-7EC5A1B4F2B6}.Release|x64.ActiveCfg = Release|x64
		{A6AB7926-FAE1-433F-9267-7EC5A1B4F2B6}.Release|x64.Build.0 = Release|x64
		{A6AB7926-FAE1-433F-9267-7EC5A1B4F2B6}.Release|x86.ActiveCfg = Release|Win32
		{A6AB7926-FAE1-433F-9267-7EC5A1B4F2B6}.Release|x86.Build.0 = Release|Win32
		{54E3000C-2D43-4F4A-A9CA-1F2C01ACF764}.Debug|x64.ActiveCfg = Debug|x64
		{54E3000C-2D43-4F4A-A9CA-1F2C01ACF764}.Debug|x64.Build.0 = Debug|x64
		{54E3000C-2D43-4F4A-A9CA-1F2C01ACF764}.Debug|x86.ActiveCfg = Debug|Win32
		{54E3000C-2D43-4F4A-A9CA-1F2C01ACF764}.Debug|x86.Build.0 = Debug|Win32
		{54E3000C-2D43-4F4A-A9CA-1F2C01ACF764}.Release|x64.ActiveCfg = Release|x64
		{54E3000C-2D43-4F4A-A9CA-1F2C01ACF764}.Release|x64.Build.0 = Release|x64
		{54E3000C-2D43-4F4A-A9CA-1F2C01ACF764}.Release|x86.ActiveCfg = Release|Win32
		{54E3000C-2D43-4F4A-A9CA-1F2C01ACF764}.Release|x86.Build.0 = Release|Win32
		{A56881B9-C716-4147-96D8-B63CB08A8B46}.Debug|x64.ActiveCfg = Debug|x64
		{A56881B9-C716-4147-96D8-B63CB08A8B46}.Debug|x64.Build.0 = Debug|x64
		{A56881B9-C716-4147-96D8-B63CB08A8B46}.Debug|x86.ActiveCfg = Debug|Win32
		{A56881B9-C716-4147-96D8-B63CB08A8B46}.Debug|x86.Build.0 = Debug|Win32
		{A56881B9-C716-4147-96D8-B63CB08A8B46}.Release|x64.ActiveCfg = Release|x64
		{A56881B9-C716-4147-96D8-B63CB08A8B46}.Release|x64.Build.0 = Release|x64
		{A56881B9-C716-4147-96D8-B63CB08A8B46}.Release|x86.ActiveCfg = Release|Win32
		{A56881B9-C716-4147-96D8-B63CB08A8B46}.Release|x86.Build.0 = Release|Win32
		{DDCE1EBD-3150-4FCF-9127-9F1535A39DBC}.Debug|x64.ActiveCfg = Debug|x64
		{DDCE1EBD-3150-4FCF-9127-9F1535A39DBC}.Debug|x64.Build.0 = Debug|x64
		{DDCE1EBD-3150-4FCF-9127-9F1535A39DBC}.Debug|x86.ActiveCfg = Debug|Win32
		{DDCE1EBD-3150-4FCF-9127-9F1535A39DBC}.Debug|x86.Build.0 = Debug|Win32
		{DDCE1EBD-3150-4FCF-9127-9F1535A39DBC}.Release|x64.ActiveCfg = Release|x64
		{DDCE1EBD-3150-4FCF-9127-9F1535A39DBC}.Release|x64.Build.0 = Release|x64
		{DDCE1EBD-3150-4FCF-9127-9F1535A39DBC}.Release|x86.ActiveCfg = Release|Win32
		{DDCE1EBD-3150-4FCF-9127-9F1535A39DBC}.Release|x86.Build.0 = Release|Win32
		{EA2CC9C2-76DA-4C73-AEF5-9FD56575740B}.Debug|x64.ActiveCfg = Debug|x64
		{EA2CC9C2-76DA-4C73-AEF5-9FD56575740B}.Debug|x64.Build.0 = Debug|x64
		{EA2CC9C2-76DA-4C73-AEF5-9FD56575740B}.Debug|x86.ActiveCfg = Debug|Win32
		{EA2CC9C2-76DA-4C73-AEF5-9FD56575740B}.Debug|x86.Build.0 = Debug|Win32
		{EA2CC9C2-76DA-4C73-AEF5-9FD56575740B}.Release|x64.ActiveCfg = Release|x64
		{EA2CC9C2-76DA-4C73-AEF5-9FD56575740B}.Release|x64.Build.0 = Release|x64
		{EA2CC9C2-76DA-4C73-AEF5-9FD56575740B}.Release|x86.ActiveCfg = Release|Win32
		{EA2CC9C2-76DA-4C73-AEF5-9FD56575740B}.Release|x86.Build.0 = Release|Win32
		{EB1542F1-840E-4FBC-9260-63BE9AA1C88D}.Debug|x64.ActiveCfg = Debug|x64
		{EB1542F1-840E-4FBC-9260-63BE9AA1C88D}.Debug|x64.Build.0 = Debug|x64
		{EB1542F1-840E-4FBC-9260-63BE9AA1C88D}.Debug|x86.ActiveCfg = Debug|Win32
		{EB1542F1-840E-4FBC-9260-63BE9AA1C88D}.Debug|x86.Build.0 = Debug|Win32
		{EB1542F1-840E-4FBC-9260-63BE9AA1C88D}.Release|x64.ActiveCfg = Release|x64
		{EB1542F1-840E-4FBC-9260-63BE9AA1C88D}.Release|x64.Build.0 = Release|x64
		{EB1542F1-840E-4FBC-9260-63BE9AA1C88D}.Release|x86.ActiveCfg = Release|Win32
		{EB1542F1-840E-4FBC-9260-63BE9AA1C88D}.Release|x86.Build.0 = Release|Win32
		{89942F32-7AF9-4992-93C9-DCDBA4B2BDF5}.Debug|x64.ActiveCfg = Debug|x64
		{89942F32-7AF9-4992-93C9-DCDBA4B2BDF5}.Debug|x64.Build.0 = Debug|x64
		{89942F32-7AF9-4992-93C9-DCDBA4B2BDF5}.Debug|x86.ActiveCfg = Debug|Win32
		{89942F32-7AF9-4992-93C9-DCDBA4B2BDF5}.Debug|x86.Build.0 = Debug|Win32
		{89942F32-7AF9-4992-93C9-DCDBA4B2BDF5}.Release|x64.ActiveCfg = Release|x64
		{89942F32-7AF9-4992-93C9-DCDBA4B2BDF5}.Release|x64.Build.0 = Release|x64
		{89942F32-7AF9-4992-93C9-DCDBA4B2BDF5}.Release|x86.ActiveCfg = Release|Win32
		{89942F32-7AF9-4992-93C9-DCDBA4B2BDF5}.Release|x86.Build.0 = Release|Win32
		{DF7E68D6-9083-488B-BA5C-2694C801B47B}.Debug|x64.ActiveCfg = Debug|x64
		{DF7E68D6-9083-488B-BA5C-2694C801B47B}.Debug|x64.Build.0 = Debug|x64
		{DF7E68D6-9083-488B-BA5C-2694C801B47B}.Debug|x86.ActiveCfg = Debug|Win32
		{DF7E68D6-9083-488B-BA5C-2694C801B47B}.Debug|x86.Build.0 = Debug|Win32
		{DF7E68D6-9083-488B-BA5C-2694C801B47B}.Release|x64.ActiveCfg = Release|x64
		{DF7E68D6-9083-488B-BA5C-2694C801B47B}.Release|x64.Build.0 = Release|x64
		{DF7E68D6-9083-488B-BA5C-2694C801B47B}.Release|x86.ActiveCfg = Release|Win32
		{DF7E68D6-9083-488B-BA5C-2694C801B47B}.Release|x86.Build.0 = Release|Win32
		{BB3EBEDB-523F-403F-9E7F-6649D7E623FC}.Debug|x64.ActiveCfg = Debug|x64
		{BB3EBEDB-523F-403F-9E7F-6649D7E623FC}.Debug|x64.Build.0 = Debug|x64
		{BB3EBEDB-523F-403F-9E7F-6649D7E623FC}.Debug|x86.ActiveCfg = Debug|Win32
		{BB3EBEDB-523F-403F-9E7F-6649D7E623FC}.Debug|x86.Build.0 = Debug|Win32
		{BB3EBEDB-523F-403F-9E7F-6649D7E623FC}.Release|x64.ActiveCfg = Release|x64
		{BB3EBEDB-523F-403F-9E7F-6649D7E623FC}.Release|x64.Build.0 = Release|x64
		{BB3EBEDB-523F-403F-9E7F-6649D7E623FC}.Release|x86.ActiveCfg = Release|Win32
		{BB3EBEDB-523F-403F-9E7F-6649D7E623FC}.Release|x86.Build.0 = Release|Win32
		{248F9D2D-4D4C-459F-87D7-15CD7D6799A9}.Debug|x64.ActiveCfg = Debug|x64
		{248F9D2D-4D4C-459F-87D7-15CD7D6799A9}.Debug|x64.Build.0 = Debug|x64
		{248F9D2D-4D4C-459F-87D7-15CD7D6799A9}.Debug|x86.ActiveCfg = Debug|Win32
		{248F9D2D-4D4C-459F-87D7-15CD7D6799A9}.Debug|x86.Build.0 = Debug|Win32
		{248F9D2D-4D4C-459F-87D7-15CD7D6799A9}.Release|x64.ActiveCfg = Release|x64
		{248F9D2D-4D4C-459F-87D7-15CD7D6799A9}.Release|x64.Build.0 = Release|x64
		{248F9D2D-4D4C-459F-87D7-15CD7D6799A9}.Release|x86.ActiveCfg = Release|Win32
		{248F9D2D-4D4C-459F-87D7-15CD7D6799A9}.Release|x86.Build.0 = Release|Win32
		{E7F7A98B-BA38-4DB1-BE3B-431D141EA534}.Debug|x64.ActiveCfg = Debug|x64
		{E7F7A98B-BA38-4DB1-BE3B-431D141EA534}.Debug|x64.Build.0 = Debug|x64
		{E7F7A98B-BA38-4DB1-BE3B-431D141EA534}.Debug|x86.ActiveCfg = Debug|Win32
		{E7F7A98B-BA38-4DB1-BE3B-431D141EA534}.Debug|x86.Build.0 = Debug|Win32
		{E7F7A98B-BA38-4DB1-BE3B-431D141EA534}.Release|x64.ActiveCfg = Release|x64
		{E7F7A98B-BA38-4DB1-BE3B-431D141EA534}.Release|x64.Build.0 = Release|x64
		{E7F7A98B-BA38-4DB1-BE3B-431D141EA534}.Release|x86.ActiveCfg = Release|Win32
		{E7F7A98B-BA38-4DB1-BE3B-431D141EA534}.Release|x86.Build.0 = Release|Win32
		{F55138E3-24AF-4F2D-8D06-129B26BC65B7}.Debug|x64.ActiveCfg = Debug|x64
		{F55138E3-24AF-4F2D-8D06-129B26BC65B7}.Debug|x64.Build.0 = Debug|x64
		{F55138E3-24AF-4F2D-8D06-129B26BC65B7}.Debug|x86.ActiveCfg = Debug|Win32
		{F55138E3-24AF-4F2D-8D06-129B26BC65B7}.Debug|x86.Build.0 = Debug|Win32
		{F55138E3-24AF-4F2D-8D06-129B26BC65B7}.Release|x64.ActiveCfg = Release|x64
		{F55138E3-24AF-4F2D-8D06-129B26BC65B7}.Release|x64.Build.0 = Release|x64
		{F55138E3-24AF-4F2D-8D06-129B26BC65B7}.Release|x86.ActiveCfg = Release|Win32
		{F55138E3-24AF-4F2D-8D06-129B26BC65B7}.Release|x86.Build.0 = Release|Win32
		{7A1DD6F7-DCFE-4B51-A147-09AD910B3869}.Debug|x64.ActiveCfg = Debug|x64
		{7A1DD6F7-DCFE-4B51-A147-09AD910B3869}.Debug|x64.Build.0 = Debug|x64
		{7A1DD6F7-DCFE-4B51-A147-09AD910B3869}.Debug|x86.ActiveCfg = Debug|Win32
		{7A1DD6F7-DCFE-4B51-A147-09AD910B3869}.Debug|x86.Build.0 = Debug|Win32
		{7A1DD6F7-DCFE-4B51-A147-09AD910B3869}.Release|x64.ActiveCfg = Release|x64
		{7A1DD6F7-DCFE-4B51-A147-09AD910B3869}.Release|x64.Build.0 = Release|x64
		{7A1DD6F7-DCFE-4B51-A147-09AD910B3869}.Release|x86.ActiveCfg = Release|Win32
		{7A1DD6F7-DCFE-4B51-A147-09AD910B3869}.Release|x86.Build.0 = Release|Win32
		{B3AECB56-834B-4410-BB85-4AD345ECBD7E}.Debug|x64.ActiveCfg = Debug|x64
		{B3AECB56-834B-4410-BB85-4AD345ECBD7E}.Debug|x64.Build.0 = Debug|x64
		{B3AECB56-834B-4410-BB85-4AD345ECBD7E}.Debug|x86.ActiveCfg = Debug|Win32
		{B3AECB56-834B-4410-BB85-4AD345ECBD7E}.Debug|x86.Build.0 = Debug|Win32
		{B3AECB56-834B-4410-BB85-4AD345ECBD7E}.Release|x64.ActiveCfg = Release|x64
		{B3AECB56-834B-4410-BB85-4AD345ECBD7E}.Release|x64.Build.0 = Release|x64
		{B3AECB56-834B-4410-BB85-4AD345ECBD7E}.Release|x86.ActiveCfg = Release|Win32
		{B3AECB56-834B-4410-BB85-4AD345ECBD7E}.Release|x86.Build.0 = Release|Win32
		{145DFE4F-B721-43EB-B193-832EA0ED421A}.Debug|x64.ActiveCfg = Debug|x64
		{145DFE4F-B721-43EB-B193-832EA0ED421A}.Debug|x64.Build.0 = Debug|x64
		{145DFE4F-B721-43EB-B193-832EA0ED421A}.Debug|x86.ActiveCfg = Debug|Win32
		{145DFE4F-B721-43EB-B193-832EA0ED421A}.Debug|x86.Build.0 = Debug|Win32
		{145DFE4F-B721-43EB-B193-832EA0ED421A}.Release|x64.ActiveCfg = Release|x64
		{145DFE4F-B721-43EB-B193-832EA0ED421A}.Release|x64.Build.0 = Release|x64
		{145DFE4F-B721-43EB-B193-832EA0ED421A}.Release|x86.ActiveCfg = Release|Win32
		{145DFE4F-B721-43EB-B193-832EA0ED421A}.Release|x86.Build.0 = Release|Win32
	EndGlobalSection
	GlobalSection(SolutionProperties) = preSolution
		HideSolutionNode = FALSE
	EndGlobalSection
EndGlobal
